
Microsoft Visual Studio Solution File, Format Version 12.00
# Visual Studio Version 17
VisualStudioVersion = 17.4.33122.133
MinimumVisualStudioVersion = 10.0.40219.1
Project("{9A19103F-16F7-4668-BE54-9A1E7A4F7556}") = "Stories", "Stories\Stories.csproj", "{C9F4A078-BD7D-4E93-A25B-4095572DAA94}"
EndProject
Project("{9A19103F-16F7-4668-BE54-9A1E7A4F7556}") = "Stories.Playground", "Stories.Playground\Stories.Playground.csproj", "{A36441D2-A753-43E6-9496-D853844A4DF8}"
EndProject
Global
	GlobalSection(SolutionConfigurationPlatforms) = preSolution
		Debug|Any CPU = Debug|Any CPU
		Release|Any CPU = Release|Any CPU
	EndGlobalSection
	GlobalSection(ProjectConfigurationPlatforms) = postSolution
		{C9F4A078-BD7D-4E93-A25B-4095572DAA94}.Debug|Any CPU.ActiveCfg = Debug|Any CPU
		{C9F4A078-BD7D-4E93-A25B-4095572DAA94}.Debug|Any CPU.Build.0 = Debug|Any CPU
		{C9F4A078-BD7D-4E93-A25B-4095572DAA94}.Release|Any CPU.ActiveCfg = Release|Any CPU
		{C9F4A078-BD7D-4E93-A25B-4095572DAA94}.Release|Any CPU.Build.0 = Release|Any CPU
		{A36441D2-A753-43E6-9496-D853844A4DF8}.Debug|Any CPU.ActiveCfg = Debug|Any CPU
		{A36441D2-A753-43E6-9496-D853844A4DF8}.Debug|Any CPU.Build.0 = Debug|Any CPU
		{A36441D2-A753-43E6-9496-D853844A4DF8}.Release|Any CPU.ActiveCfg = Release|Any CPU
		{A36441D2-A753-43E6-9496-D853844A4DF8}.Release|Any CPU.Build.0 = Release|Any CPU
	EndGlobalSection
	GlobalSection(SolutionProperties) = preSolution
		HideSolutionNode = FALSE
	EndGlobalSection
	GlobalSection(ExtensibilityGlobals) = postSolution
		SolutionGuid = {200CC9BC-F601-43F1-8252-46409306AC80}
	EndGlobalSection
EndGlobal
